
Microsoft Visual Studio Solution File, Format Version 12.00
# Visual Studio 15
VisualStudioVersion = 15.0.28307.1758
MinimumVisualStudioVersion = 10.0.40219.1
Project("{F14B399A-7131-4C87-9E4B-1186C45EF12D}") = "SSRSofficesupply-RomanSolis", "SSRSofficesupply-RomanSolis\SSRSofficesupply-RomanSolis.rptproj", "{6F8B710C-676B-44EE-8E9B-E65A699FA880}"
EndProject
Global
	GlobalSection(SolutionConfigurationPlatforms) = preSolution
		Debug|Default = Debug|Default
		DebugLocal|Default = DebugLocal|Default
		Release|Default = Release|Default
	EndGlobalSection
	GlobalSection(ProjectConfigurationPlatforms) = postSolution
		{6F8B710C-676B-44EE-8E9B-E65A699FA880}.Debug|Default.ActiveCfg = Debug
		{6F8B710C-676B-44EE-8E9B-E65A699FA880}.Debug|Default.Build.0 = Debug
		{6F8B710C-676B-44EE-8E9B-E65A699FA880}.Debug|Default.Deploy.0 = Debug
		{6F8B710C-676B-44EE-8E9B-E65A699FA880}.DebugLocal|Default.ActiveCfg = DebugLocal
		{6F8B710C-676B-44EE-8E9B-E65A699FA880}.DebugLocal|Default.Build.0 = DebugLocal
		{6F8B710C-676B-44EE-8E9B-E65A699FA880}.Release|Default.ActiveCfg = Release
		{6F8B710C-676B-44EE-8E9B-E65A699FA880}.Release|Default.Build.0 = Release
		{6F8B710C-676B-44EE-8E9B-E65A699FA880}.Release|Default.Deploy.0 = Release
	EndGlobalSection
	GlobalSection(SolutionProperties) = preSolution
		HideSolutionNode = FALSE
	EndGlobalSection
	GlobalSection(ExtensibilityGlobals) = postSolution
		SolutionGuid = {8E2A1049-FCBB-4A97-97F7-21D0325DAD1D}
	EndGlobalSection
EndGlobal
